{
  "nodes": {
    "nixpkgs": {
      "locked": {
        "lastModified": 1700000000,
        "narHash": "sha256-OLDHASHOLDHASHOLDHASHOLDHASHOLDHASHOLDHASHOLD=",
        "owner": "NixOS",
        "repo": "nixpkgs",
        "rev": "0ld0000000000000000000000000000000000000",
        "type": "github"
      },
      "original": {
        "owner": "NixOS",
        "ref": "nixos-unstable",
        "repo": "nixpkgs",
        "type": "github"
      }
    },
    "root": {
      "inputs": {
        "nixpkgs": "nixpkgs"
      }
    }
  },
  "root": "root",
  "version": 7
}
